
Microsoft Visual Studio Solution File, Format Version 12.00
# Visual Studio 2013
VisualStudioVersion = 12.0.30110.0
MinimumVisualStudioVersion = 10.0.40219.1
Project("{FAE04EC0-301F-11D3-BF4B-00C04F79EFBC}") = "WebApi2Book.Common", "WebApi2Book.Common\WebApi2Book.Common.csproj", "{09C3AB35-AEE9-4E3A-95AA-77A3F05140E6}"
EndProject
Project("{FAE04EC0-301F-11D3-BF4B-00C04F79EFBC}") = "WebApi2Book.Data", "WebApi2Book.Data\WebApi2Book.Data.csproj", "{CBD2D001-F033-413E-94A4-6F2E872FE79D}"
EndProject
Project("{FAE04EC0-301F-11D3-BF4B-00C04F79EFBC}") = "WebApi2Book.Data.SqlServer", "WebApi2Book.Data.SqlServer\WebApi2Book.Data.SqlServer.csproj", "{08C1A188-E099-4429-9B6C-BF2B0B1F5B95}"
EndProject
Project("{FAE04EC0-301F-11D3-BF4B-00C04F79EFBC}") = "WebApi2Book.Web.Api.Models", "WebApi2Book.Web.Api.Models\WebApi2Book.Web.Api.Models.csproj", "{93F8B669-570B-47CB-9917-2C90AF5A08A0}"
EndProject
Project("{FAE04EC0-301F-11D3-BF4B-00C04F79EFBC}") = "WebApi2Book.Web.Common", "WebApi2Book.Web.Common\WebApi2Book.Web.Common.csproj", "{3A76D3E2-CB45-45E7-966F-C5DA40CC763F}"
EndProject
Project("{FAE04EC0-301F-11D3-BF4B-00C04F79EFBC}") = "WebApi2Book.Web.Api", "WebApi2Book.Web.Api\WebApi2Book.Web.Api.csproj", "{A4213F8A-46A8-47EE-9030-1F650593F9E9}"
EndProject
Project("{00D1A9C2-B5F0-4AF3-8072-F6C62B433612}") = "WebApi2BookDb", "WebApi2BookDb\WebApi2BookDb.sqlproj", "{BC201433-5139-4F97-B6C6-9A845B620BD0}"
EndProject
Project("{2150E333-8FDC-42A3-9474-1A3956D46DE8}") = "Tests", "Tests", "{D4104512-0055-40EE-87F0-6436D7560C57}"
EndProject
Project("{FAE04EC0-301F-11D3-BF4B-00C04F79EFBC}") = "WebApi2Book.Common.Tests", "WebApi2Book.Common.Tests\WebApi2Book.Common.Tests.csproj", "{8F4EC9AC-3E0B-4E3C-B3ED-35C495F890F8}"
EndProject
Project("{FAE04EC0-301F-11D3-BF4B-00C04F79EFBC}") = "WebApi2Book.Data.SqlServer.IntegrationTests", "WebApi2Book.Data.SqlServer.IntegrationTests\WebApi2Book.Data.SqlServer.IntegrationTests.csproj", "{C0DBF6DE-2613-4E94-A215-9B8EE1ECF5F2}"
EndProject
Project("{FAE04EC0-301F-11D3-BF4B-00C04F79EFBC}") = "WebApi2Book.Data.Tests", "WebApi2Book.Data.Tests\WebApi2Book.Data.Tests.csproj", "{DB2F4EEB-33DC-4C84-B86D-D256A45860EA}"
EndProject
Project("{FAE04EC0-301F-11D3-BF4B-00C04F79EFBC}") = "WebApi2Book.Web.Api.IntegrationTests", "WebApi2Book.Web.Api.IntegrationTests\WebApi2Book.Web.Api.IntegrationTests.csproj", "{489AEBC3-FA14-49EE-BF4B-EF22B6B79444}"
EndProject
Project("{FAE04EC0-301F-11D3-BF4B-00C04F79EFBC}") = "WebApi2Book.Web.Api.Tests", "WebApi2Book.Web.Api.Tests\WebApi2Book.Web.Api.Tests.csproj", "{9F019D11-3EE2-4992-A581-FD5EAA1E8CAD}"
EndProject
Project("{FAE04EC0-301F-11D3-BF4B-00C04F79EFBC}") = "WebApi2Book.Web.Common.Tests", "WebApi2Book.Web.Common.Tests\WebApi2Book.Web.Common.Tests.csproj", "{6E6A102E-F8C2-4E37-9C31-152660969EB9}"
EndProject
Global
	GlobalSection(SolutionConfigurationPlatforms) = preSolution
		Debug|Any CPU = Debug|Any CPU
		Release|Any CPU = Release|Any CPU
	EndGlobalSection
	GlobalSection(ProjectConfigurationPlatforms) = postSolution
		{09C3AB35-AEE9-4E3A-95AA-77A3F05140E6}.Debug|Any CPU.ActiveCfg = Debug|Any CPU
		{09C3AB35-AEE9-4E3A-95AA-77A3F05140E6}.Debug|Any CPU.Build.0 = Debug|Any CPU
		{09C3AB35-AEE9-4E3A-95AA-77A3F05140E6}.Release|Any CPU.ActiveCfg = Release|Any CPU
		{09C3AB35-AEE9-4E3A-95AA-77A3F05140E6}.Release|Any CPU.Build.0 = Release|Any CPU
		{CBD2D001-F033-413E-94A4-6F2E872FE79D}.Debug|Any CPU.ActiveCfg = Debug|Any CPU
		{CBD2D001-F033-413E-94A4-6F2E872FE79D}.Debug|Any CPU.Build.0 = Debug|Any CPU
		{CBD2D001-F033-413E-94A4-6F2E872FE79D}.Release|Any CPU.ActiveCfg = Release|Any CPU
		{CBD2D001-F033-413E-94A4-6F2E872FE79D}.Release|Any CPU.Build.0 = Release|Any CPU
		{08C1A188-E099-4429-9B6C-BF2B0B1F5B95}.Debug|Any CPU.ActiveCfg = Debug|Any CPU
		{08C1A188-E099-4429-9B6C-BF2B0B1F5B95}.Debug|Any CPU.Build.0 = Debug|Any CPU
		{08C1A188-E099-4429-9B6C-BF2B0B1F5B95}.Release|Any CPU.ActiveCfg = Release|Any CPU
		{08C1A188-E099-4429-9B6C-BF2B0B1F5B95}.Release|Any CPU.Build.0 = Release|Any CPU
		{93F8B669-570B-47CB-9917-2C90AF5A08A0}.Debug|Any CPU.ActiveCfg = Debug|Any CPU
		{93F8B669-570B-47CB-9917-2C90AF5A08A0}.Debug|Any CPU.Build.0 = Debug|Any CPU
		{93F8B669-570B-47CB-9917-2C90AF5A08A0}.Release|Any CPU.ActiveCfg = Release|Any CPU
		{93F8B669-570B-47CB-9917-2C90AF5A08A0}.Release|Any CPU.Build.0 = Release|Any CPU
		{3A76D3E2-CB45-45E7-966F-C5DA40CC763F}.Debug|Any CPU.ActiveCfg = Debug|Any CPU
		{3A76D3E2-CB45-45E7-966F-C5DA40CC763F}.Debug|Any CPU.Build.0 = Debug|Any CPU
		{3A76D3E2-CB45-45E7-966F-C5DA40CC763F}.Release|Any CPU.ActiveCfg = Release|Any CPU
		{3A76D3E2-CB45-45E7-966F-C5DA40CC763F}.Release|Any CPU.Build.0 = Release|Any CPU
		{A4213F8A-46A8-47EE-9030-1F650593F9E9}.Debug|Any CPU.ActiveCfg = Debug|Any CPU
		{A4213F8A-46A8-47EE-9030-1F650593F9E9}.Debug|Any CPU.Build.0 = Debug|Any CPU
		{A4213F8A-46A8-47EE-9030-1F650593F9E9}.Release|Any CPU.ActiveCfg = Release|Any CPU
		{A4213F8A-46A8-47EE-9030-1F650593F9E9}.Release|Any CPU.Build.0 = Release|Any CPU
		{BC201433-5139-4F97-B6C6-9A845B620BD0}.Debug|Any CPU.ActiveCfg = Debug|Any CPU
		{BC201433-5139-4F97-B6C6-9A845B620BD0}.Debug|Any CPU.Build.0 = Debug|Any CPU
		{BC201433-5139-4F97-B6C6-9A845B620BD0}.Debug|Any CPU.Deploy.0 = Debug|Any CPU
		{BC201433-5139-4F97-B6C6-9A845B620BD0}.Release|Any CPU.ActiveCfg = Release|Any CPU
		{BC201433-5139-4F97-B6C6-9A845B620BD0}.Release|Any CPU.Build.0 = Release|Any CPU
		{BC201433-5139-4F97-B6C6-9A845B620BD0}.Release|Any CPU.Deploy.0 = Release|Any CPU
		{8F4EC9AC-3E0B-4E3C-B3ED-35C495F890F8}.Debug|Any CPU.ActiveCfg = Debug|Any CPU
		{8F4EC9AC-3E0B-4E3C-B3ED-35C495F890F8}.Debug|Any CPU.Build.0 = Debug|Any CPU
		{8F4EC9AC-3E0B-4E3C-B3ED-35C495F890F8}.Release|Any CPU.ActiveCfg = Release|Any CPU
		{8F4EC9AC-3E0B-4E3C-B3ED-35C495F890F8}.Release|Any CPU.Build.0 = Release|Any CPU
		{C0DBF6DE-2613-4E94-A215-9B8EE1ECF5F2}.Debug|Any CPU.ActiveCfg = Debug|Any CPU
		{C0DBF6DE-2613-4E94-A215-9B8EE1ECF5F2}.Debug|Any CPU.Build.0 = Debug|Any CPU
		{C0DBF6DE-2613-4E94-A215-9B8EE1ECF5F2}.Release|Any CPU.ActiveCfg = Release|Any CPU
		{C0DBF6DE-2613-4E94-A215-9B8EE1ECF5F2}.Release|Any CPU.Build.0 = Release|Any CPU
		{DB2F4EEB-33DC-4C84-B86D-D256A45860EA}.Debug|Any CPU.ActiveCfg = Debug|Any CPU
		{DB2F4EEB-33DC-4C84-B86D-D256A45860EA}.Debug|Any CPU.Build.0 = Debug|Any CPU
		{DB2F4EEB-33DC-4C84-B86D-D256A45860EA}.Release|Any CPU.ActiveCfg = Release|Any CPU
		{DB2F4EEB-33DC-4C84-B86D-D256A45860EA}.Release|Any CPU.Build.0 = Release|Any CPU
		{489AEBC3-FA14-49EE-BF4B-EF22B6B79444}.Debug|Any CPU.ActiveCfg = Debug|Any CPU
		{489AEBC3-FA14-49EE-BF4B-EF22B6B79444}.Debug|Any CPU.Build.0 = Debug|Any CPU
		{489AEBC3-FA14-49EE-BF4B-EF22B6B79444}.Release|Any CPU.ActiveCfg = Release|Any CPU
		{489AEBC3-FA14-49EE-BF4B-EF22B6B79444}.Release|Any CPU.Build.0 = Release|Any CPU
		{9F019D11-3EE2-4992-A581-FD5EAA1E8CAD}.Debug|Any CPU.ActiveCfg = Debug|Any CPU
		{9F019D11-3EE2-4992-A581-FD5EAA1E8CAD}.Debug|Any CPU.Build.0 = Debug|Any CPU
		{9F019D11-3EE2-4992-A581-FD5EAA1E8CAD}.Release|Any CPU.ActiveCfg = Release|Any CPU
		{9F019D11-3EE2-4992-A581-FD5EAA1E8CAD}.Release|Any CPU.Build.0 = Release|Any CPU
		{6E6A102E-F8C2-4E37-9C31-152660969EB9}.Debug|Any CPU.ActiveCfg = Debug|Any CPU
		{6E6A102E-F8C2-4E37-9C31-152660969EB9}.Debug|Any CPU.Build.0 = Debug|Any CPU
		{6E6A102E-F8C2-4E37-9C31-152660969EB9}.Release|Any CPU.ActiveCfg = Release|Any CPU
		{6E6A102E-F8C2-4E37-9C31-152660969EB9}.Release|Any CPU.Build.0 = Release|Any CPU
	EndGlobalSection
	GlobalSection(SolutionProperties) = preSolution
		HideSolutionNode = FALSE
	EndGlobalSection
	GlobalSection(NestedProjects) = preSolution
		{8F4EC9AC-3E0B-4E3C-B3ED-35C495F890F8} = {D4104512-0055-40EE-87F0-6436D7560C57}
		{C0DBF6DE-2613-4E94-A215-9B8EE1ECF5F2} = {D4104512-0055-40EE-87F0-6436D7560C57}
		{DB2F4EEB-33DC-4C84-B86D-D256A45860EA} = {D4104512-0055-40EE-87F0-6436D7560C57}
		{489AEBC3-FA14-49EE-BF4B-EF22B6B79444} = {D4104512-0055-40EE-87F0-6436D7560C57}
		{9F019D11-3EE2-4992-A581-FD5EAA1E8CAD} = {D4104512-0055-40EE-87F0-6436D7560C57}
		{6E6A102E-F8C2-4E37-9C31-152660969EB9} = {D4104512-0055-40EE-87F0-6436D7560C57}
	EndGlobalSection
EndGlobal
